// !$*UTF8*$!
{
	archiveVersion = 1;
	classes = {
	};
	objectVersion = 56;
	objects = {

/* Begin PBXBuildFile section */
		6AF6787B29DAAC9F001DBC83 /* NumberGameView.swift in Sources */ = {isa = PBXBuildFile; fileRef = 6AF6787A29DAAC9F001DBC83 /* NumberGameView.swift */; };
		7EFE233029DA30400066B490 /* PlayNLearnApp.swift in Sources */ = {isa = PBXBuildFile; fileRef = 7EFE232F29DA30400066B490 /* PlayNLearnApp.swift */; };
		7EFE233229DA30400066B490 /* ContentView.swift in Sources */ = {isa = PBXBuildFile; fileRef = 7EFE233129DA30400066B490 /* ContentView.swift */; };
		7EFE233429DA30410066B490 /* Assets.xcassets in Resources */ = {isa = PBXBuildFile; fileRef = 7EFE233329DA30410066B490 /* Assets.xcassets */; };
		7EFE233729DA30410066B490 /* Preview Assets.xcassets in Resources */ = {isa = PBXBuildFile; fileRef = 7EFE233629DA30410066B490 /* Preview Assets.xcassets */; };
		7EFE234129DA30410066B490 /* PlayNLearnTests.swift in Sources */ = {isa = PBXBuildFile; fileRef = 7EFE234029DA30410066B490 /* PlayNLearnTests.swift */; };
		7EFE234B29DA30410066B490 /* PlayNLearnUITests.swift in Sources */ = {isa = PBXBuildFile; fileRef = 7EFE234A29DA30410066B490 /* PlayNLearnUITests.swift */; };
		7EFE234D29DA30410066B490 /* PlayNLearnUITestsLaunchTests.swift in Sources */ = {isa = PBXBuildFile; fileRef = 7EFE234C29DA30410066B490 /* PlayNLearnUITestsLaunchTests.swift */; };
		F8EED87929DABCE400D3E3C3 /* .gitignore in Resources */ = {isa = PBXBuildFile; fileRef = F8EED87829DABCE400D3E3C3 /* .gitignore */; };
/* End PBXBuildFile section */

/* Begin PBXContainerItemProxy section */
		7EFE233D29DA30410066B490 /* PBXContainerItemProxy */ = {
			isa = PBXContainerItemProxy;
			containerPortal = 7EFE232429DA30400066B490 /* Project object */;
			proxyType = 1;
			remoteGlobalIDString = 7EFE232B29DA30400066B490;
			remoteInfo = PlayNLearn;
		};
		7EFE234729DA30410066B490 /* PBXContainerItemProxy */ = {
			isa = PBXContainerItemProxy;
			containerPortal = 7EFE232429DA30400066B490 /* Project object */;
			proxyType = 1;
			remoteGlobalIDString = 7EFE232B29DA30400066B490;
			remoteInfo = PlayNLearn;
		};
/* End PBXContainerItemProxy section */

/* Begin PBXFileReference section */
		6AF6787A29DAAC9F001DBC83 /* NumberGameView.swift */ = {isa = PBXFileReference; lastKnownFileType = sourcecode.swift; path = NumberGameView.swift; sourceTree = "<group>"; };
		7EFE232C29DA30400066B490 /* PlayNLearn.app */ = {isa = PBXFileReference; explicitFileType = wrapper.application; includeInIndex = 0; path = PlayNLearn.app; sourceTree = BUILT_PRODUCTS_DIR; };
		7EFE232F29DA30400066B490 /* PlayNLearnApp.swift */ = {isa = PBXFileReference; lastKnownFileType = sourcecode.swift; path = PlayNLearnApp.swift; sourceTree = "<group>"; };
		7EFE233129DA30400066B490 /* ContentView.swift */ = {isa = PBXFileReference; lastKnownFileType = sourcecode.swift; path = ContentView.swift; sourceTree = "<group>"; };
		7EFE233329DA30410066B490 /* Assets.xcassets */ = {isa = PBXFileReference; lastKnownFileType = folder.assetcatalog; path = Assets.xcassets; sourceTree = "<group>"; };
		7EFE233629DA30410066B490 /* Preview Assets.xcassets */ = {isa = PBXFileReference; lastKnownFileType = folder.assetcatalog; path = "Preview Assets.xcassets"; sourceTree = "<group>"; };
		7EFE233C29DA30410066B490 /* PlayNLearnTests.xctest */ = {isa = PBXFileReference; explicitFileType = wrapper.cfbundle; includeInIndex = 0; path = PlayNLearnTests.xctest; sourceTree = BUILT_PRODUCTS_DIR; };
		7EFE234029DA30410066B490 /* PlayNLearnTests.swift */ = {isa = PBXFileReference; lastKnownFileType = sourcecode.swift; path = PlayNLearnTests.swift; sourceTree = "<group>"; };
		7EFE234629DA30410066B490 /* PlayNLearnUITests.xctest */ = {isa = PBXFileReference; explicitFileType = wrapper.cfbundle; includeInIndex = 0; path = PlayNLearnUITests.xctest; sourceTree = BUILT_PRODUCTS_DIR; };
		7EFE234A29DA30410066B490 /* PlayNLearnUITests.swift */ = {isa = PBXFileReference; lastKnownFileType = sourcecode.swift; path = PlayNLearnUITests.swift; sourceTree = "<group>"; };
		7EFE234C29DA30410066B490 /* PlayNLearnUITestsLaunchTests.swift */ = {isa = PBXFileReference; lastKnownFileType = sourcecode.swift; path = PlayNLearnUITestsLaunchTests.swift; sourceTree = "<group>"; };
		F8EED87829DABCE400D3E3C3 /* .gitignore */ = {isa = PBXFileReference; lastKnownFileType = text; path = .gitignore; sourceTree = "<group>"; };
/* End PBXFileReference section */

/* Begin PBXFrameworksBuildPhase section */
		7EFE232929DA30400066B490 /* Frameworks */ = {
			isa = PBXFrameworksBuildPhase;
			buildActionMask = 2147483647;
			files = (
			);
			runOnlyForDeploymentPostprocessing = 0;
		};
		7EFE233929DA30410066B490 /* Frameworks */ = {
			isa = PBXFrameworksBuildPhase;
			buildActionMask = 2147483647;
			files = (
			);
			runOnlyForDeploymentPostprocessing = 0;
		};
		7EFE234329DA30410066B490 /* Frameworks */ = {
			isa = PBXFrameworksBuildPhase;
			buildActionMask = 2147483647;
			files = (
			);
			runOnlyForDeploymentPostprocessing = 0;
		};
/* End PBXFrameworksBuildPhase section */

/* Begin PBXGroup section */
		7EFE232329DA30400066B490 = {
			isa = PBXGroup;
			children = (
				F8EED87829DABCE400D3E3C3 /* .gitignore */,
				7EFE232E29DA30400066B490 /* PlayNLearn */,
				7EFE233F29DA30410066B490 /* PlayNLearnTests */,
				7EFE234929DA30410066B490 /* PlayNLearnUITests */,
				7EFE232D29DA30400066B490 /* Products */,
			);
			sourceTree = "<group>";
		};
		7EFE232D29DA30400066B490 /* Products */ = {
			isa = PBXGroup;
			children = (
				7EFE232C29DA30400066B490 /* PlayNLearn.app */,
				7EFE233C29DA30410066B490 /* PlayNLearnTests.xctest */,
				7EFE234629DA30410066B490 /* PlayNLearnUITests.xctest */,
			);
			name = Products;
			sourceTree = "<group>";
		};
		7EFE232E29DA30400066B490 /* PlayNLearn */ = {
			isa = PBXGroup;
			children = (
				7EFE232F29DA30400066B490 /* PlayNLearnApp.swift */,
				7EFE233129DA30400066B490 /* ContentView.swift */,
				7EFE233329DA30410066B490 /* Assets.xcassets */,
				7EFE233529DA30410066B490 /* Preview Content */,
				6AF6787A29DAAC9F001DBC83 /* NumberGameView.swift */,
			);
			path = PlayNLearn;
			sourceTree = "<group>";
		};
		7EFE233529DA30410066B490 /* Preview Content */ = {
			isa = PBXGroup;
			children = (
				7EFE233629DA30410066B490 /* Preview Assets.xcassets */,
			);
			path = "Preview Content";
			sourceTree = "<group>";
		};
		7EFE233F29DA30410066B490 /* PlayNLearnTests */ = {
			isa = PBXGroup;
			children = (
				7EFE234029DA30410066B490 /* PlayNLearnTests.swift */,
			);
			path = PlayNLearnTests;
			sourceTree = "<group>";
		};
		7EFE234929DA30410066B490 /* PlayNLearnUITests */ = {
			isa = PBXGroup;
			children = (
				7EFE234A29DA30410066B490 /* PlayNLearnUITests.swift */,
				7EFE234C29DA30410066B490 /* PlayNLearnUITestsLaunchTests.swift */,
			);
			path = PlayNLearnUITests;
			sourceTree = "<group>";
		};
/* End PBXGroup section */

/* Begin PBXNativeTarget section */
		7EFE232B29DA30400066B490 /* PlayNLearn */ = {
			isa = PBXNativeTarget;
			buildConfigurationList = 7EFE235029DA30410066B490 /* Build configuration list for PBXNativeTarget "PlayNLearn" */;
			buildPhases = (
				7EFE232829DA30400066B490 /* Sources */,
				7EFE232929DA30400066B490 /* Frameworks */,
				7EFE232A29DA30400066B490 /* Resources */,
			);
			buildRules = (
			);
			dependencies = (
			);
			name = PlayNLearn;
			productName = PlayNLearn;
			productReference = 7EFE232C29DA30400066B490 /* PlayNLearn.app */;
			productType = "com.apple.product-type.application";
		};
		7EFE233B29DA30410066B490 /* PlayNLearnTests */ = {
			isa = PBXNativeTarget;
			buildConfigurationList = 7EFE235329DA30410066B490 /* Build configuration list for PBXNativeTarget "PlayNLearnTests" */;
			buildPhases = (
				7EFE233829DA30410066B490 /* Sources */,
				7EFE233929DA30410066B490 /* Frameworks */,
				7EFE233A29DA30410066B490 /* Resources */,
			);
			buildRules = (
			);
			dependencies = (
				7EFE233E29DA30410066B490 /* PBXTargetDependency */,
			);
			name = PlayNLearnTests;
			productName = PlayNLearnTests;
			productReference = 7EFE233C29DA30410066B490 /* PlayNLearnTests.xctest */;
			productType = "com.apple.product-type.bundle.unit-test";
		};
		7EFE234529DA30410066B490 /* PlayNLearnUITests */ = {
			isa = PBXNativeTarget;
			buildConfigurationList = 7EFE235629DA30410066B490 /* Build configuration list for PBXNativeTarget "PlayNLearnUITests" */;
			buildPhases = (
				7EFE234229DA30410066B490 /* Sources */,
				7EFE234329DA30410066B490 /* Frameworks */,
				7EFE234429DA30410066B490 /* Resources */,
			);
			buildRules = (
			);
			dependencies = (
				7EFE234829DA30410066B490 /* PBXTargetDependency */,
			);
			name = PlayNLearnUITests;
			productName = PlayNLearnUITests;
			productReference = 7EFE234629DA30410066B490 /* PlayNLearnUITests.xctest */;
			productType = "com.apple.product-type.bundle.ui-testing";
		};
/* End PBXNativeTarget section */

/* Begin PBXProject section */
		7EFE232429DA30400066B490 /* Project object */ = {
			isa = PBXProject;
			attributes = {
				BuildIndependentTargetsInParallel = 1;
				LastSwiftUpdateCheck = 1430;
				LastUpgradeCheck = 1430;
				TargetAttributes = {
					7EFE232B29DA30400066B490 = {
						CreatedOnToolsVersion = 14.3;
					};
					7EFE233B29DA30410066B490 = {
						CreatedOnToolsVersion = 14.3;
						TestTargetID = 7EFE232B29DA30400066B490;
					};
					7EFE234529DA30410066B490 = {
						CreatedOnToolsVersion = 14.3;
						TestTargetID = 7EFE232B29DA30400066B490;
					};
				};
			};
			buildConfigurationList = 7EFE232729DA30400066B490 /* Build configuration list for PBXProject "PlayNLearn" */;
			compatibilityVersion = "Xcode 14.0";
			developmentRegion = en;
			hasScannedForEncodings = 0;
			knownRegions = (
				en,
				Base,
			);
			mainGroup = 7EFE232329DA30400066B490;
			productRefGroup = 7EFE232D29DA30400066B490 /* Products */;
			projectDirPath = "";
			projectRoot = "";
			targets = (
				7EFE232B29DA30400066B490 /* PlayNLearn */,
				7EFE233B29DA30410066B490 /* PlayNLearnTests */,
				7EFE234529DA30410066B490 /* PlayNLearnUITests */,
			);
		};
/* End PBXProject section */

/* Begin PBXResourcesBuildPhase section */
		7EFE232A29DA30400066B490 /* Resources */ = {
			isa = PBXResourcesBuildPhase;
			buildActionMask = 2147483647;
			files = (
				7EFE233729DA30410066B490 /* Preview Assets.xcassets in Resources */,
				F8EED87929DABCE400D3E3C3 /* .gitignore in Resources */,
				7EFE233429DA30410066B490 /* Assets.xcassets in Resources */,
			);
			runOnlyForDeploymentPostprocessing = 0;
		};
		7EFE233A29DA30410066B490 /* Resources */ = {
			isa = PBXResourcesBuildPhase;
			buildActionMask = 2147483647;
			files = (
			);
			runOnlyForDeploymentPostprocessing = 0;
		};
		7EFE234429DA30410066B490 /* Resources */ = {
			isa = PBXResourcesBuildPhase;
			buildActionMask = 2147483647;
			files = (
			);
			runOnlyForDeploymentPostprocessing = 0;
		};
/* End PBXResourcesBuildPhase section */

/* Begin PBXSourcesBuildPhase section */
		7EFE232829DA30400066B490 /* Sources */ = {
			isa = PBXSourcesBuildPhase;
			buildActionMask = 2147483647;
			files = (
				6AF6787B29DAAC9F001DBC83 /* NumberGameView.swift in Sources */,
				7EFE233229DA30400066B490 /* ContentView.swift in Sources */,
				7EFE233029DA30400066B490 /* PlayNLearnApp.swift in Sources */,
			);
			runOnlyForDeploymentPostprocessing = 0;
		};
		7EFE233829DA30410066B490 /* Sources */ = {
			isa = PBXSourcesBuildPhase;
			buildActionMask = 2147483647;
			files = (
				7EFE234129DA30410066B490 /* PlayNLearnTests.swift in Sources */,
			);
			runOnlyForDeploymentPostprocessing = 0;
		};
		7EFE234229DA30410066B490 /* Sources */ = {
			isa = PBXSourcesBuildPhase;
			buildActionMask = 2147483647;
			files = (
				7EFE234D29DA30410066B490 /* PlayNLearnUITestsLaunchTests.swift in Sources */,
				7EFE234B29DA30410066B490 /* PlayNLearnUITests.swift in Sources */,
			);
			runOnlyForDeploymentPostprocessing = 0;
		};
/* End PBXSourcesBuildPhase section */

/* Begin PBXTargetDependency section */
		7EFE233E29DA30410066B490 /* PBXTargetDependency */ = {
			isa = PBXTargetDependency;
			target = 7EFE232B29DA30400066B490 /* PlayNLearn */;
			targetProxy = 7EFE233D29DA30410066B490 /* PBXContainerItemProxy */;
		};
		7EFE234829DA30410066B490 /* PBXTargetDependency */ = {
			isa = PBXTargetDependency;
			target = 7EFE232B29DA30400066B490 /* PlayNLearn */;
			targetProxy = 7EFE234729DA30410066B490 /* PBXContainerItemProxy */;
		};
/* End PBXTargetDependency section */

/* Begin XCBuildConfiguration section */
		7EFE234E29DA30410066B490 /* Debug */ = {
			isa = XCBuildConfiguration;
			buildSettings = {
				ALWAYS_SEARCH_USER_PATHS = NO;
				CLANG_ANALYZER_NONNULL = YES;
				CLANG_ANALYZER_NUMBER_OBJECT_CONVERSION = YES_AGGRESSIVE;
				CLANG_CXX_LANGUAGE_STANDARD = "gnu++20";
				CLANG_ENABLE_MODULES = YES;
				CLANG_ENABLE_OBJC_ARC = YES;
				CLANG_ENABLE_OBJC_WEAK = YES;
				CLANG_WARN_BLOCK_CAPTURE_AUTORELEASING = YES;
				CLANG_WARN_BOOL_CONVERSION = YES;
				CLANG_WARN_COMMA = YES;
				CLANG_WARN_CONSTANT_CONVERSION = YES;
				CLANG_WARN_DEPRECATED_OBJC_IMPLEMENTATIONS = YES;
				CLANG_WARN_DIRECT_OBJC_ISA_USAGE = YES_ERROR;
				CLANG_WARN_DOCUMENTATION_COMMENTS = YES;
				CLANG_WARN_EMPTY_BODY = YES;
				CLANG_WARN_ENUM_CONVERSION = YES;
				CLANG_WARN_INFINITE_RECURSION = YES;
				CLANG_WARN_INT_CONVERSION = YES;
				CLANG_WARN_NON_LITERAL_NULL_CONVERSION = YES;
				CLANG_WARN_OBJC_IMPLICIT_RETAIN_SELF = YES;
				CLANG_WARN_OBJC_LITERAL_CONVERSION = YES;
				CLANG_WARN_OBJC_ROOT_CLASS = YES_ERROR;
				CLANG_WARN_QUOTED_INCLUDE_IN_FRAMEWORK_HEADER = YES;
				CLANG_WARN_RANGE_LOOP_ANALYSIS = YES;
				CLANG_WARN_STRICT_PROTOTYPES = YES;
				CLANG_WARN_SUSPICIOUS_MOVE = YES;
				CLANG_WARN_UNGUARDED_AVAILABILITY = YES_AGGRESSIVE;
				CLANG_WARN_UNREACHABLE_CODE = YES;
				CLANG_WARN__DUPLICATE_METHOD_MATCH = YES;
				COPY_PHASE_STRIP = NO;
				DEBUG_INFORMATION_FORMAT = dwarf;
				ENABLE_STRICT_OBJC_MSGSEND = YES;
				ENABLE_TESTABILITY = YES;
				GCC_C_LANGUAGE_STANDARD = gnu11;
				GCC_DYNAMIC_NO_PIC = NO;
				GCC_NO_COMMON_BLOCKS = YES;
				GCC_OPTIMIZATION_LEVEL = 0;
				GCC_PREPROCESSOR_DEFINITIONS = (
					"DEBUG=1",
					"$(inherited)",
				);
				GCC_WARN_64_TO_32_BIT_CONVERSION = YES;
				GCC_WARN_ABOUT_RETURN_TYPE = YES_ERROR;
				GCC_WARN_UNDECLARED_SELECTOR = YES;
				GCC_WARN_UNINITIALIZED_AUTOS = YES_AGGRESSIVE;
				GCC_WARN_UNUSED_FUNCTION = YES;
				GCC_WARN_UNUSED_VARIABLE = YES;
				IPHONEOS_DEPLOYMENT_TARGET = 16.4;
				MTL_ENABLE_DEBUG_INFO = INCLUDE_SOURCE;
				MTL_FAST_MATH = YES;
				ONLY_ACTIVE_ARCH = YES;
				SDKROOT = iphoneos;
				SWIFT_ACTIVE_COMPILATION_CONDITIONS = DEBUG;
				SWIFT_OPTIMIZATION_LEVEL = "-Onone";
			};
			name = Debug;
		};
		7EFE234F29DA30410066B490 /* Release */ = {
			isa = XCBuildConfiguration;
			buildSettings = {
				ALWAYS_SEARCH_USER_PATHS = NO;
				CLANG_ANALYZER_NONNULL = YES;
				CLANG_ANALYZER_NUMBER_OBJECT_CONVERSION = YES_AGGRESSIVE;
				CLANG_CXX_LANGUAGE_STANDARD = "gnu++20";
				CLANG_ENABLE_MODULES = YES;
				CLANG_ENABLE_OBJC_ARC = YES;
				CLANG_ENABLE_OBJC_WEAK = YES;
				CLANG_WARN_BLOCK_CAPTURE_AUTORELEASING = YES;
				CLANG_WARN_BOOL_CONVERSION = YES;
				CLANG_WARN_COMMA = YES;
				CLANG_WARN_CONSTANT_CONVERSION = YES;
				CLANG_WARN_DEPRECATED_OBJC_IMPLEMENTATIONS = YES;
				CLANG_WARN_DIRECT_OBJC_ISA_USAGE = YES_ERROR;
				CLANG_WARN_DOCUMENTATION_COMMENTS = YES;
				CLANG_WARN_EMPTY_BODY = YES;
				CLANG_WARN_ENUM_CONVERSION = YES;
				CLANG_WARN_INFINITE_RECURSION = YES;
				CLANG_WARN_INT_CONVERSION = YES;
				CLANG_WARN_NON_LITERAL_NULL_CONVERSION = YES;
				CLANG_WARN_OBJC_IMPLICIT_RETAIN_SELF = YES;
				CLANG_WARN_OBJC_LITERAL_CONVERSION = YES;
				CLANG_WARN_OBJC_ROOT_CLASS = YES_ERROR;
				CLANG_WARN_QUOTED_INCLUDE_IN_FRAMEWORK_HEADER = YES;
				CLANG_WARN_RANGE_LOOP_ANALYSIS = YES;
				CLANG_WARN_STRICT_PROTOTYPES = YES;
				CLANG_WARN_SUSPICIOUS_MOVE = YES;
				CLANG_WARN_UNGUARDED_AVAILABILITY = YES_AGGRESSIVE;
				CLANG_WARN_UNREACHABLE_CODE = YES;
				CLANG_WARN__DUPLICATE_METHOD_MATCH = YES;
				COPY_PHASE_STRIP = NO;
				DEBUG_INFORMATION_FORMAT = "dwarf-with-dsym";
				ENABLE_NS_ASSERTIONS = NO;
				ENABLE_STRICT_OBJC_MSGSEND = YES;
				GCC_C_LANGUAGE_STANDARD = gnu11;
				GCC_NO_COMMON_BLOCKS = YES;
				GCC_WARN_64_TO_32_BIT_CONVERSION = YES;
				GCC_WARN_ABOUT_RETURN_TYPE = YES_ERROR;
				GCC_WARN_UNDECLARED_SELECTOR = YES;
				GCC_WARN_UNINITIALIZED_AUTOS = YES_AGGRESSIVE;
				GCC_WARN_UNUSED_FUNCTION = YES;
				GCC_WARN_UNUSED_VARIABLE = YES;
				IPHONEOS_DEPLOYMENT_TARGET = 16.4;
				MTL_ENABLE_DEBUG_INFO = NO;
				MTL_FAST_MATH = YES;
				SDKROOT = iphoneos;
				SWIFT_COMPILATION_MODE = wholemodule;
				SWIFT_OPTIMIZATION_LEVEL = "-O";
				VALIDATE_PRODUCT = YES;
			};
			name = Release;
		};
		7EFE235129DA30410066B490 /* Debug */ = {
			isa = XCBuildConfiguration;
			buildSettings = {
				ASSETCATALOG_COMPILER_APPICON_NAME = AppIcon;
				ASSETCATALOG_COMPILER_GLOBAL_ACCENT_COLOR_NAME = AccentColor;
				CODE_SIGN_STYLE = Automatic;
				CURRENT_PROJECT_VERSION = 1;
				DEVELOPMENT_ASSET_PATHS = "\"PlayNLearn/Preview Content\"";
				ENABLE_PREVIEWS = YES;
				GENERATE_INFOPLIST_FILE = YES;
				INFOPLIST_KEY_UIApplicationSceneManifest_Generation = YES;
				INFOPLIST_KEY_UIApplicationSupportsIndirectInputEvents = YES;
				INFOPLIST_KEY_UILaunchScreen_Generation = YES;
				INFOPLIST_KEY_UISupportedInterfaceOrientations_iPad = "UIInterfaceOrientationPortrait UIInterfaceOrientationPortraitUpsideDown UIInterfaceOrientationLandscapeLeft UIInterfaceOrientationLandscapeRight";
				INFOPLIST_KEY_UISupportedInterfaceOrientations_iPhone = "UIInterfaceOrientationPortrait UIInterfaceOrientationLandscapeLeft UIInterfaceOrientationLandscapeRight";
				LD_RUNPATH_SEARCH_PATHS = (
					"$(inherited)",
					"@executable_path/Frameworks",
				);
				MARKETING_VERSION = 1.0;
				PRODUCT_BUNDLE_IDENTIFIER = fi.metropolia.PlayNLearn;
				PRODUCT_NAME = "$(TARGET_NAME)";
				SWIFT_EMIT_LOC_STRINGS = YES;
				SWIFT_VERSION = 5.0;
				TARGETED_DEVICE_FAMILY = "1,2";
			};
			name = Debug;
		};
		7EFE235229DA30410066B490 /* Release */ = {
			isa = XCBuildConfiguration;
			buildSettings = {
				ASSETCATALOG_COMPILER_APPICON_NAME = AppIcon;
				ASSETCATALOG_COMPILER_GLOBAL_ACCENT_COLOR_NAME = AccentColor;
				CODE_SIGN_STYLE = Automatic;
				CURRENT_PROJECT_VERSION = 1;
				DEVELOPMENT_ASSET_PATHS = "\"PlayNLearn/Preview Content\"";
				ENABLE_PREVIEWS = YES;
				GENERATE_INFOPLIST_FILE = YES;
				INFOPLIST_KEY_UIApplicationSceneManifest_Generation = YES;
				INFOPLIST_KEY_UIApplicationSupportsIndirectInputEvents = YES;
				INFOPLIST_KEY_UILaunchScreen_Generation = YES;
				INFOPLIST_KEY_UISupportedInterfaceOrientations_iPad = "UIInterfaceOrientationPortrait UIInterfaceOrientationPortraitUpsideDown UIInterfaceOrientationLandscapeLeft UIInterfaceOrientationLandscapeRight";
				INFOPLIST_KEY_UISupportedInterfaceOrientations_iPhone = "UIInterfaceOrientationPortrait UIInterfaceOrientationLandscapeLeft UIInterfaceOrientationLandscapeRight";
				LD_RUNPATH_SEARCH_PATHS = (
					"$(inherited)",
					"@executable_path/Frameworks",
				);
				MARKETING_VERSION = 1.0;
				PRODUCT_BUNDLE_IDENTIFIER = fi.metropolia.PlayNLearn;
				PRODUCT_NAME = "$(TARGET_NAME)";
				SWIFT_EMIT_LOC_STRINGS = YES;
				SWIFT_VERSION = 5.0;
				TARGETED_DEVICE_FAMILY = "1,2";
			};
			name = Release;
		};
		7EFE235429DA30410066B490 /* Debug */ = {
			isa = XCBuildConfiguration;
			buildSettings = {
				ALWAYS_EMBED_SWIFT_STANDARD_LIBRARIES = YES;
				BUNDLE_LOADER = "$(TEST_HOST)";
				CODE_SIGN_STYLE = Automatic;
				CURRENT_PROJECT_VERSION = 1;
				GENERATE_INFOPLIST_FILE = YES;
				IPHONEOS_DEPLOYMENT_TARGET = 16.4;
				MARKETING_VERSION = 1.0;
				PRODUCT_BUNDLE_IDENTIFIER = fi.metropolia.PlayNLearnTests;
				PRODUCT_NAME = "$(TARGET_NAME)";
				SWIFT_EMIT_LOC_STRINGS = NO;
				SWIFT_VERSION = 5.0;
				TARGETED_DEVICE_FAMILY = "1,2";
				TEST_HOST = "$(BUILT_PRODUCTS_DIR)/PlayNLearn.app/$(BUNDLE_EXECUTABLE_FOLDER_PATH)/PlayNLearn";
			};
			name = Debug;
		};
		7EFE235529DA30410066B490 /* Release */ = {
			isa = XCBuildConfiguration;
			buildSettings = {
				ALWAYS_EMBED_SWIFT_STANDARD_LIBRARIES = YES;
				BUNDLE_LOADER = "$(TEST_HOST)";
				CODE_SIGN_STYLE = Automatic;
				CURRENT_PROJECT_VERSION = 1;
				GENERATE_INFOPLIST_FILE = YES;
				IPHONEOS_DEPLOYMENT_TARGET = 16.4;
				MARKETING_VERSION = 1.0;
				PRODUCT_BUNDLE_IDENTIFIER = fi.metropolia.PlayNLearnTests;
				PRODUCT_NAME = "$(TARGET_NAME)";
				SWIFT_EMIT_LOC_STRINGS = NO;
				SWIFT_VERSION = 5.0;
				TARGETED_DEVICE_FAMILY = "1,2";
				TEST_HOST = "$(BUILT_PRODUCTS_DIR)/PlayNLearn.app/$(BUNDLE_EXECUTABLE_FOLDER_PATH)/PlayNLearn";
			};
			name = Release;
		};
		7EFE235729DA30410066B490 /* Debug */ = {
			isa = XCBuildConfiguration;
			buildSettings = {
				ALWAYS_EMBED_SWIFT_STANDARD_LIBRARIES = YES;
				CODE_SIGN_STYLE = Automatic;
				CURRENT_PROJECT_VERSION = 1;
				GENERATE_INFOPLIST_FILE = YES;
				MARKETING_VERSION = 1.0;
				PRODUCT_BUNDLE_IDENTIFIER = fi.metropolia.PlayNLearnUITests;
				PRODUCT_NAME = "$(TARGET_NAME)";
				SWIFT_EMIT_LOC_STRINGS = NO;
				SWIFT_VERSION = 5.0;
				TARGETED_DEVICE_FAMILY = "1,2";
				TEST_TARGET_NAME = PlayNLearn;
			};
			name = Debug;
		};
		7EFE235829DA30410066B490 /* Release */ = {
			isa = XCBuildConfiguration;
			buildSettings = {
				ALWAYS_EMBED_SWIFT_STANDARD_LIBRARIES = YES;
				CODE_SIGN_STYLE = Automatic;
				CURRENT_PROJECT_VERSION = 1;
				GENERATE_INFOPLIST_FILE = YES;
				MARKETING_VERSION = 1.0;
				PRODUCT_BUNDLE_IDENTIFIER = fi.metropolia.PlayNLearnUITests;
				PRODUCT_NAME = "$(TARGET_NAME)";
				SWIFT_EMIT_LOC_STRINGS = NO;
				SWIFT_VERSION = 5.0;
				TARGETED_DEVICE_FAMILY = "1,2";
				TEST_TARGET_NAME = PlayNLearn;
			};
			name = Release;
		};
/* End XCBuildConfiguration section */

/* Begin XCConfigurationList section */
		7EFE232729DA30400066B490 /* Build configuration list for PBXProject "PlayNLearn" */ = {
			isa = XCConfigurationList;
			buildConfigurations = (
				7EFE234E29DA30410066B490 /* Debug */,
				7EFE234F29DA30410066B490 /* Release */,
			);
			defaultConfigurationIsVisible = 0;
			defaultConfigurationName = Release;
		};
		7EFE235029DA30410066B490 /* Build configuration list for PBXNativeTarget "PlayNLearn" */ = {
			isa = XCConfigurationList;
			buildConfigurations = (
				7EFE235129DA30410066B490 /* Debug */,
				7EFE235229DA30410066B490 /* Release */,
			);
			defaultConfigurationIsVisible = 0;
			defaultConfigurationName = Release;
		};
		7EFE235329DA30410066B490 /* Build configuration list for PBXNativeTarget "PlayNLearnTests" */ = {
			isa = XCConfigurationList;
			buildConfigurations = (
				7EFE235429DA30410066B490 /* Debug */,
				7EFE235529DA30410066B490 /* Release */,
			);
			defaultConfigurationIsVisible = 0;
			defaultConfigurationName = Release;
		};
		7EFE235629DA30410066B490 /* Build configuration list for PBXNativeTarget "PlayNLearnUITests" */ = {
			isa = XCConfigurationList;
			buildConfigurations = (
				7EFE235729DA30410066B490 /* Debug */,
				7EFE235829DA30410066B490 /* Release */,
			);
			defaultConfigurationIsVisible = 0;
			defaultConfigurationName = Release;
		};
/* End XCConfigurationList section */
	};
	rootObject = 7EFE232429DA30400066B490 /* Project object */;
}
