// !$*UTF8*$!
{
	archiveVersion = 1;
	classes = {
	};
	objectVersion = 56;
	objects = {

/* Begin PBXBuildFile section */
		6A27E9AF29E0B8C5002FEC17 /* congratulation.gif in Resources */ = {isa = PBXBuildFile; fileRef = 6A27E9AE29E0B8C5002FEC17 /* congratulation.gif */; };
		6A27E9B329E0BEBF002FEC17 /* sadface.gif in Resources */ = {isa = PBXBuildFile; fileRef = 6A27E9B229E0BEBF002FEC17 /* sadface.gif */; };
		6A7BFA8B29DF62B9003E5A4C /* PopUpWindow.swift in Sources */ = {isa = PBXBuildFile; fileRef = 6A7BFA8A29DF62B9003E5A4C /* PopUpWindow.swift */; };
		6A7BFA9229E041D7003E5A4C /* ConfettiSwiftUI in Frameworks */ = {isa = PBXBuildFile; productRef = 6A7BFA9129E041D7003E5A4C /* ConfettiSwiftUI */; };
		6A7BFA9529E0516E003E5A4C /* SPConfetti in Frameworks */ = {isa = PBXBuildFile; productRef = 6A7BFA9429E0516E003E5A4C /* SPConfetti */; };
		6A7BFA9929E0B4FC003E5A4C /* GifImage.swift in Sources */ = {isa = PBXBuildFile; fileRef = 6A7BFA9829E0B4FC003E5A4C /* GifImage.swift */; };
		6A8C6E3729E974B200962E65 /* SoundManager.swift in Sources */ = {isa = PBXBuildFile; fileRef = 6A8C6E3629E974B200962E65 /* SoundManager.swift */; };
		6A8C6E3A29E97BC500962E65 /* lose.wav in Resources */ = {isa = PBXBuildFile; fileRef = 6A8C6E3929E97BC500962E65 /* lose.wav */; };
		6A8C6E3C29E97BE800962E65 /* win.wav in Resources */ = {isa = PBXBuildFile; fileRef = 6A8C6E3B29E97BE800962E65 /* win.wav */; };
		6A97E92229DB0D5F00150080 /* NumbersList.swift in Sources */ = {isa = PBXBuildFile; fileRef = 6A97E92129DB0D5F00150080 /* NumbersList.swift */; };
		6AB9249329ED34610049E359 /* ColorGameTouchMode.swift in Sources */ = {isa = PBXBuildFile; fileRef = 6AB9249229ED34610049E359 /* ColorGameTouchMode.swift */; };
		6AB9249529ED34B10049E359 /* ColorGameTouchModeView.swift in Sources */ = {isa = PBXBuildFile; fileRef = 6AB9249429ED34B10049E359 /* ColorGameTouchModeView.swift */; };
		6AB9249729ED3C430049E359 /* DragObjectForColorGame.swift in Sources */ = {isa = PBXBuildFile; fileRef = 6AB9249629ED3C430049E359 /* DragObjectForColorGame.swift */; };
		6AB9249929EFEDA90049E359 /* OptionContainer.swift in Sources */ = {isa = PBXBuildFile; fileRef = 6AB9249829EFEDA90049E359 /* OptionContainer.swift */; };
		6AB9249C29EFEF2F0049E359 /* ColorViewModel.swift in Sources */ = {isa = PBXBuildFile; fileRef = 6AB9249B29EFEF2F0049E359 /* ColorViewModel.swift */; };
		6AF6787B29DAAC9F001DBC83 /* NumberGameView.swift in Sources */ = {isa = PBXBuildFile; fileRef = 6AF6787A29DAAC9F001DBC83 /* NumberGameView.swift */; };
		6AF7151F29EAA4E9006ED404 /* ShapeGameView.swift in Sources */ = {isa = PBXBuildFile; fileRef = 6AF7151E29EAA4E9006ED404 /* ShapeGameView.swift */; };
		6AF7152529ED7A9F006ED404 /* ShapeList.swift in Sources */ = {isa = PBXBuildFile; fileRef = 6AF7152429ED7A9F006ED404 /* ShapeList.swift */; };
		7EFE233029DA30400066B490 /* PlayNLearnApp.swift in Sources */ = {isa = PBXBuildFile; fileRef = 7EFE232F29DA30400066B490 /* PlayNLearnApp.swift */; };
		7EFE233229DA30400066B490 /* ContentView.swift in Sources */ = {isa = PBXBuildFile; fileRef = 7EFE233129DA30400066B490 /* ContentView.swift */; };
		7EFE233429DA30410066B490 /* Assets.xcassets in Resources */ = {isa = PBXBuildFile; fileRef = 7EFE233329DA30410066B490 /* Assets.xcassets */; };
		7EFE233729DA30410066B490 /* Preview Assets.xcassets in Resources */ = {isa = PBXBuildFile; fileRef = 7EFE233629DA30410066B490 /* Preview Assets.xcassets */; };
		7EFE234129DA30410066B490 /* PlayNLearnTests.swift in Sources */ = {isa = PBXBuildFile; fileRef = 7EFE234029DA30410066B490 /* PlayNLearnTests.swift */; };
		7EFE234B29DA30410066B490 /* PlayNLearnUITests.swift in Sources */ = {isa = PBXBuildFile; fileRef = 7EFE234A29DA30410066B490 /* PlayNLearnUITests.swift */; };
		7EFE234D29DA30410066B490 /* PlayNLearnUITestsLaunchTests.swift in Sources */ = {isa = PBXBuildFile; fileRef = 7EFE234C29DA30410066B490 /* PlayNLearnUITestsLaunchTests.swift */; };
		F8646C5429DD79F700D85449 /* NumberGameWithSpeech.swift in Sources */ = {isa = PBXBuildFile; fileRef = F8646C5329DD79F700D85449 /* NumberGameWithSpeech.swift */; };
		F8646C5629DD7AF900D85449 /* SpeechRecognizer.swift in Sources */ = {isa = PBXBuildFile; fileRef = F8646C5529DD7AF900D85449 /* SpeechRecognizer.swift */; };
		F8646C5829DD7B1C00D85449 /* NumberGameViewWithSpeech.swift in Sources */ = {isa = PBXBuildFile; fileRef = F8646C5729DD7B1C00D85449 /* NumberGameViewWithSpeech.swift */; };
		F86E5E7529F6E89A007D8B60 /* colors.json in Resources */ = {isa = PBXBuildFile; fileRef = F86E5E7429F6E89A007D8B60 /* colors.json */; };
		F86E5E7729F6E960007D8B60 /* cargame.json in Resources */ = {isa = PBXBuildFile; fileRef = F86E5E7629F6E960007D8B60 /* cargame.json */; };
		F86E5E7A29F713EA007D8B60 /* Localizable.strings in Resources */ = {isa = PBXBuildFile; fileRef = F86E5E7C29F713EA007D8B60 /* Localizable.strings */; };
		F86E5E7F29F857AF007D8B60 /* submit.json in Resources */ = {isa = PBXBuildFile; fileRef = F86E5E7E29F857AF007D8B60 /* submit.json */; };
		F86E5E8329F85D35007D8B60 /* playButton.json in Resources */ = {isa = PBXBuildFile; fileRef = F86E5E8229F85D35007D8B60 /* playButton.json */; };
		F86E5E8929F86435007D8B60 /* skip.json in Resources */ = {isa = PBXBuildFile; fileRef = F86E5E8829F86435007D8B60 /* skip.json */; };
		F8967F8629EEC5FB00F1EA49 /* PlayNLearn.xcdatamodeld in Sources */ = {isa = PBXBuildFile; fileRef = F8967F8429EEC5FB00F1EA49 /* PlayNLearn.xcdatamodeld */; };
		F8967F8829EEC66C00F1EA49 /* Persistence.swift in Sources */ = {isa = PBXBuildFile; fileRef = F8967F8729EEC66C00F1EA49 /* Persistence.swift */; };
		F8967F8B29F2BB5900F1EA49 /* ColorGameModeWithSpeech.swift in Sources */ = {isa = PBXBuildFile; fileRef = F8967F8A29F2BB5900F1EA49 /* ColorGameModeWithSpeech.swift */; };
		F8967F8F29F46FFB00F1EA49 /* ShapeGameModeWithSpeech.swift in Sources */ = {isa = PBXBuildFile; fileRef = F8967F8E29F46FFB00F1EA49 /* ShapeGameModeWithSpeech.swift */; };
		F8967F9229F697C900F1EA49 /* Lottie in Frameworks */ = {isa = PBXBuildFile; productRef = F8967F9129F697C900F1EA49 /* Lottie */; };
		F8967F9529F6986600F1EA49 /* mic yellow.json in Resources */ = {isa = PBXBuildFile; fileRef = F8967F9429F6986600F1EA49 /* mic yellow.json */; };
		F8967F9729F6989600F1EA49 /* LottieView.swift in Sources */ = {isa = PBXBuildFile; fileRef = F8967F9629F6989600F1EA49 /* LottieView.swift */; };
		F8967F9929F6D5E300F1EA49 /* Shapes.json in Resources */ = {isa = PBXBuildFile; fileRef = F8967F9829F6D5E300F1EA49 /* Shapes.json */; };
		F8967F9D29F6D91D00F1EA49 /* numbers.json in Resources */ = {isa = PBXBuildFile; fileRef = F8967F9C29F6D91C00F1EA49 /* numbers.json */; };
		F8C628B929EAE73C000FEFEF /* SettingsView.swift in Sources */ = {isa = PBXBuildFile; fileRef = F8C628B829EAE73C000FEFEF /* SettingsView.swift */; };
		F8EED87929DABCE400D3E3C3 /* .gitignore in Resources */ = {isa = PBXBuildFile; fileRef = F8EED87829DABCE400D3E3C3 /* .gitignore */; };
/* End PBXBuildFile section */

/* Begin PBXContainerItemProxy section */
		7EFE233D29DA30410066B490 /* PBXContainerItemProxy */ = {
			isa = PBXContainerItemProxy;
			containerPortal = 7EFE232429DA30400066B490 /* Project object */;
			proxyType = 1;
			remoteGlobalIDString = 7EFE232B29DA30400066B490;
			remoteInfo = PlayNLearn;
		};
		7EFE234729DA30410066B490 /* PBXContainerItemProxy */ = {
			isa = PBXContainerItemProxy;
			containerPortal = 7EFE232429DA30400066B490 /* Project object */;
			proxyType = 1;
			remoteGlobalIDString = 7EFE232B29DA30400066B490;
			remoteInfo = PlayNLearn;
		};
/* End PBXContainerItemProxy section */

/* Begin PBXFileReference section */
		6A27E9AE29E0B8C5002FEC17 /* congratulation.gif */ = {isa = PBXFileReference; lastKnownFileType = image.gif; path = congratulation.gif; sourceTree = "<group>"; };
		6A27E9B229E0BEBF002FEC17 /* sadface.gif */ = {isa = PBXFileReference; lastKnownFileType = image.gif; path = sadface.gif; sourceTree = "<group>"; };
		6A7BFA8A29DF62B9003E5A4C /* PopUpWindow.swift */ = {isa = PBXFileReference; lastKnownFileType = sourcecode.swift; path = PopUpWindow.swift; sourceTree = "<group>"; };
		6A7BFA9829E0B4FC003E5A4C /* GifImage.swift */ = {isa = PBXFileReference; lastKnownFileType = sourcecode.swift; path = GifImage.swift; sourceTree = "<group>"; };
		6A8C6E3629E974B200962E65 /* SoundManager.swift */ = {isa = PBXFileReference; lastKnownFileType = sourcecode.swift; path = SoundManager.swift; sourceTree = "<group>"; };
		6A8C6E3929E97BC500962E65 /* lose.wav */ = {isa = PBXFileReference; lastKnownFileType = audio.wav; path = lose.wav; sourceTree = "<group>"; };
		6A8C6E3B29E97BE800962E65 /* win.wav */ = {isa = PBXFileReference; lastKnownFileType = audio.wav; path = win.wav; sourceTree = "<group>"; };
		6A97E92129DB0D5F00150080 /* NumbersList.swift */ = {isa = PBXFileReference; lastKnownFileType = sourcecode.swift; path = NumbersList.swift; sourceTree = "<group>"; };
		6AB9249229ED34610049E359 /* ColorGameTouchMode.swift */ = {isa = PBXFileReference; lastKnownFileType = sourcecode.swift; path = ColorGameTouchMode.swift; sourceTree = "<group>"; };
		6AB9249429ED34B10049E359 /* ColorGameTouchModeView.swift */ = {isa = PBXFileReference; lastKnownFileType = sourcecode.swift; path = ColorGameTouchModeView.swift; sourceTree = "<group>"; };
		6AB9249629ED3C430049E359 /* DragObjectForColorGame.swift */ = {isa = PBXFileReference; lastKnownFileType = sourcecode.swift; path = DragObjectForColorGame.swift; sourceTree = "<group>"; };
		6AB9249829EFEDA90049E359 /* OptionContainer.swift */ = {isa = PBXFileReference; lastKnownFileType = sourcecode.swift; path = OptionContainer.swift; sourceTree = "<group>"; };
		6AB9249B29EFEF2F0049E359 /* ColorViewModel.swift */ = {isa = PBXFileReference; lastKnownFileType = sourcecode.swift; path = ColorViewModel.swift; sourceTree = "<group>"; };
		6AF6787A29DAAC9F001DBC83 /* NumberGameView.swift */ = {isa = PBXFileReference; lastKnownFileType = sourcecode.swift; path = NumberGameView.swift; sourceTree = "<group>"; };
		6AF7151E29EAA4E9006ED404 /* ShapeGameView.swift */ = {isa = PBXFileReference; lastKnownFileType = sourcecode.swift; path = ShapeGameView.swift; sourceTree = "<group>"; };
		6AF7152429ED7A9F006ED404 /* ShapeList.swift */ = {isa = PBXFileReference; lastKnownFileType = sourcecode.swift; path = ShapeList.swift; sourceTree = "<group>"; };
		7EFE232C29DA30400066B490 /* PlayNLearn.app */ = {isa = PBXFileReference; explicitFileType = wrapper.application; includeInIndex = 0; path = PlayNLearn.app; sourceTree = BUILT_PRODUCTS_DIR; };
		7EFE232F29DA30400066B490 /* PlayNLearnApp.swift */ = {isa = PBXFileReference; lastKnownFileType = sourcecode.swift; path = PlayNLearnApp.swift; sourceTree = "<group>"; };
		7EFE233129DA30400066B490 /* ContentView.swift */ = {isa = PBXFileReference; lastKnownFileType = sourcecode.swift; path = ContentView.swift; sourceTree = "<group>"; };
		7EFE233329DA30410066B490 /* Assets.xcassets */ = {isa = PBXFileReference; lastKnownFileType = folder.assetcatalog; path = Assets.xcassets; sourceTree = "<group>"; };
		7EFE233629DA30410066B490 /* Preview Assets.xcassets */ = {isa = PBXFileReference; lastKnownFileType = folder.assetcatalog; path = "Preview Assets.xcassets"; sourceTree = "<group>"; };
		7EFE233C29DA30410066B490 /* PlayNLearnTests.xctest */ = {isa = PBXFileReference; explicitFileType = wrapper.cfbundle; includeInIndex = 0; path = PlayNLearnTests.xctest; sourceTree = BUILT_PRODUCTS_DIR; };
		7EFE234029DA30410066B490 /* PlayNLearnTests.swift */ = {isa = PBXFileReference; lastKnownFileType = sourcecode.swift; path = PlayNLearnTests.swift; sourceTree = "<group>"; };
		7EFE234629DA30410066B490 /* PlayNLearnUITests.xctest */ = {isa = PBXFileReference; explicitFileType = wrapper.cfbundle; includeInIndex = 0; path = PlayNLearnUITests.xctest; sourceTree = BUILT_PRODUCTS_DIR; };
		7EFE234A29DA30410066B490 /* PlayNLearnUITests.swift */ = {isa = PBXFileReference; lastKnownFileType = sourcecode.swift; path = PlayNLearnUITests.swift; sourceTree = "<group>"; };
		7EFE234C29DA30410066B490 /* PlayNLearnUITestsLaunchTests.swift */ = {isa = PBXFileReference; lastKnownFileType = sourcecode.swift; path = PlayNLearnUITestsLaunchTests.swift; sourceTree = "<group>"; };
		F8646C5329DD79F700D85449 /* NumberGameWithSpeech.swift */ = {isa = PBXFileReference; lastKnownFileType = sourcecode.swift; path = NumberGameWithSpeech.swift; sourceTree = "<group>"; };
		F8646C5529DD7AF900D85449 /* SpeechRecognizer.swift */ = {isa = PBXFileReference; lastKnownFileType = sourcecode.swift; path = SpeechRecognizer.swift; sourceTree = "<group>"; };
		F8646C5729DD7B1C00D85449 /* NumberGameViewWithSpeech.swift */ = {isa = PBXFileReference; lastKnownFileType = sourcecode.swift; path = NumberGameViewWithSpeech.swift; sourceTree = "<group>"; };
		F86E5E7429F6E89A007D8B60 /* colors.json */ = {isa = PBXFileReference; fileEncoding = 4; lastKnownFileType = text.json; path = colors.json; sourceTree = "<group>"; };
		F86E5E7629F6E960007D8B60 /* cargame.json */ = {isa = PBXFileReference; fileEncoding = 4; lastKnownFileType = text.json; path = cargame.json; sourceTree = "<group>"; };
		F86E5E7B29F713EA007D8B60 /* en */ = {isa = PBXFileReference; lastKnownFileType = text.plist.strings; name = en; path = en.lproj/Localizable.strings; sourceTree = "<group>"; };
		F86E5E7D29F7144E007D8B60 /* fi */ = {isa = PBXFileReference; lastKnownFileType = text.plist.strings; name = fi; path = fi.lproj/Localizable.strings; sourceTree = "<group>"; };
		F86E5E7E29F857AF007D8B60 /* submit.json */ = {isa = PBXFileReference; fileEncoding = 4; lastKnownFileType = text.json; path = submit.json; sourceTree = "<group>"; };
		F86E5E8229F85D35007D8B60 /* playButton.json */ = {isa = PBXFileReference; fileEncoding = 4; lastKnownFileType = text.json; path = playButton.json; sourceTree = "<group>"; };
		F86E5E8829F86435007D8B60 /* skip.json */ = {isa = PBXFileReference; fileEncoding = 4; lastKnownFileType = text.json; path = skip.json; sourceTree = "<group>"; };
		F8967F8529EEC5FB00F1EA49 /* PlayNLearn.xcdatamodel */ = {isa = PBXFileReference; lastKnownFileType = wrapper.xcdatamodel; path = PlayNLearn.xcdatamodel; sourceTree = "<group>"; };
		F8967F8729EEC66C00F1EA49 /* Persistence.swift */ = {isa = PBXFileReference; lastKnownFileType = sourcecode.swift; path = Persistence.swift; sourceTree = "<group>"; };
		F8967F8A29F2BB5900F1EA49 /* ColorGameModeWithSpeech.swift */ = {isa = PBXFileReference; lastKnownFileType = sourcecode.swift; path = ColorGameModeWithSpeech.swift; sourceTree = "<group>"; };
		F8967F8E29F46FFB00F1EA49 /* ShapeGameModeWithSpeech.swift */ = {isa = PBXFileReference; lastKnownFileType = sourcecode.swift; path = ShapeGameModeWithSpeech.swift; sourceTree = "<group>"; };
		F8967F9429F6986600F1EA49 /* mic yellow.json */ = {isa = PBXFileReference; fileEncoding = 4; lastKnownFileType = text.json; path = "mic yellow.json"; sourceTree = "<group>"; };
		F8967F9629F6989600F1EA49 /* LottieView.swift */ = {isa = PBXFileReference; lastKnownFileType = sourcecode.swift; path = LottieView.swift; sourceTree = "<group>"; };
		F8967F9829F6D5E300F1EA49 /* Shapes.json */ = {isa = PBXFileReference; fileEncoding = 4; lastKnownFileType = text.json; path = Shapes.json; sourceTree = "<group>"; };
		F8967F9C29F6D91C00F1EA49 /* numbers.json */ = {isa = PBXFileReference; fileEncoding = 4; lastKnownFileType = text.json; path = numbers.json; sourceTree = "<group>"; };
		F8C628B829EAE73C000FEFEF /* SettingsView.swift */ = {isa = PBXFileReference; lastKnownFileType = sourcecode.swift; path = SettingsView.swift; sourceTree = "<group>"; };
		F8EED87829DABCE400D3E3C3 /* .gitignore */ = {isa = PBXFileReference; lastKnownFileType = text; path = .gitignore; sourceTree = "<group>"; };
/* End PBXFileReference section */

/* Begin PBXFrameworksBuildPhase section */
		7EFE232929DA30400066B490 /* Frameworks */ = {
			isa = PBXFrameworksBuildPhase;
			buildActionMask = 2147483647;
			files = (
				6A7BFA9229E041D7003E5A4C /* ConfettiSwiftUI in Frameworks */,
				6A7BFA9529E0516E003E5A4C /* SPConfetti in Frameworks */,
				F8967F9229F697C900F1EA49 /* Lottie in Frameworks */,
			);
			runOnlyForDeploymentPostprocessing = 0;
		};
		7EFE233929DA30410066B490 /* Frameworks */ = {
			isa = PBXFrameworksBuildPhase;
			buildActionMask = 2147483647;
			files = (
			);
			runOnlyForDeploymentPostprocessing = 0;
		};
		7EFE234329DA30410066B490 /* Frameworks */ = {
			isa = PBXFrameworksBuildPhase;
			buildActionMask = 2147483647;
			files = (
			);
			runOnlyForDeploymentPostprocessing = 0;
		};
/* End PBXFrameworksBuildPhase section */

/* Begin PBXGroup section */
		6A27E9B429E17A9B002FEC17 /* GifImages */ = {
			isa = PBXGroup;
			children = (
				6A27E9AE29E0B8C5002FEC17 /* congratulation.gif */,
				6A27E9B229E0BEBF002FEC17 /* sadface.gif */,
			);
			path = GifImages;
			sourceTree = "<group>";
		};
		6A8C6E3829E97BA500962E65 /* Sound */ = {
			isa = PBXGroup;
			children = (
				6A8C6E3629E974B200962E65 /* SoundManager.swift */,
				6A8C6E3929E97BC500962E65 /* lose.wav */,
				6A8C6E3B29E97BE800962E65 /* win.wav */,
			);
			path = Sound;
			sourceTree = "<group>";
		};
		7EFE232329DA30400066B490 = {
			isa = PBXGroup;
			children = (
				F8EED87829DABCE400D3E3C3 /* .gitignore */,
				7EFE232E29DA30400066B490 /* PlayNLearn */,
				7EFE233F29DA30410066B490 /* PlayNLearnTests */,
				7EFE234929DA30410066B490 /* PlayNLearnUITests */,
				7EFE232D29DA30400066B490 /* Products */,
			);
			sourceTree = "<group>";
		};
		7EFE232D29DA30400066B490 /* Products */ = {
			isa = PBXGroup;
			children = (
				7EFE232C29DA30400066B490 /* PlayNLearn.app */,
				7EFE233C29DA30410066B490 /* PlayNLearnTests.xctest */,
				7EFE234629DA30410066B490 /* PlayNLearnUITests.xctest */,
			);
			name = Products;
			sourceTree = "<group>";
		};
		7EFE232E29DA30400066B490 /* PlayNLearn */ = {
			isa = PBXGroup;
			children = (
				F86E5E8B29F95E75007D8B60 /* ViewModels */,
				F86E5E8A29F95CAF007D8B60 /* Views */,
				F8967F9329F697E800F1EA49 /* Lottie Animations */,
				F8967F8929EECB7500F1EA49 /* Core Data */,
				6A8C6E3829E97BA500962E65 /* Sound */,
				6A27E9B429E17A9B002FEC17 /* GifImages */,
				F8646C5029DD79AA00D85449 /* Models */,
				7EFE232F29DA30400066B490 /* PlayNLearnApp.swift */,
				F86E5E7C29F713EA007D8B60 /* Localizable.strings */,
				7EFE233529DA30410066B490 /* Preview Content */,
			);
			path = PlayNLearn;
			sourceTree = "<group>";
		};
		7EFE233529DA30410066B490 /* Preview Content */ = {
			isa = PBXGroup;
			children = (
				7EFE233329DA30410066B490 /* Assets.xcassets */,
				7EFE233629DA30410066B490 /* Preview Assets.xcassets */,
			);
			path = "Preview Content";
			sourceTree = "<group>";
		};
		7EFE233F29DA30410066B490 /* PlayNLearnTests */ = {
			isa = PBXGroup;
			children = (
				7EFE234029DA30410066B490 /* PlayNLearnTests.swift */,
			);
			path = PlayNLearnTests;
			sourceTree = "<group>";
		};
		7EFE234929DA30410066B490 /* PlayNLearnUITests */ = {
			isa = PBXGroup;
			children = (
				7EFE234A29DA30410066B490 /* PlayNLearnUITests.swift */,
				7EFE234C29DA30410066B490 /* PlayNLearnUITestsLaunchTests.swift */,
			);
			path = PlayNLearnUITests;
			sourceTree = "<group>";
		};
		F8646C5029DD79AA00D85449 /* Models */ = {
			isa = PBXGroup;
			children = (
				6A7BFA9829E0B4FC003E5A4C /* GifImage.swift */,
				6A7BFA8A29DF62B9003E5A4C /* PopUpWindow.swift */,
				6AB9249229ED34610049E359 /* ColorGameTouchMode.swift */,
				6AF7152429ED7A9F006ED404 /* ShapeList.swift */,
				6A97E92129DB0D5F00150080 /* NumbersList.swift */,
				F8646C5329DD79F700D85449 /* NumberGameWithSpeech.swift */,
				F8646C5529DD7AF900D85449 /* SpeechRecognizer.swift */,
				6AB9249829EFEDA90049E359 /* OptionContainer.swift */,
			);
			path = Models;
			sourceTree = "<group>";
		};
		F86E5E8A29F95CAF007D8B60 /* Views */ = {
			isa = PBXGroup;
			children = (
				7EFE233129DA30400066B490 /* ContentView.swift */,
				6AF6787A29DAAC9F001DBC83 /* NumberGameView.swift */,
				6AB9249629ED3C430049E359 /* DragObjectForColorGame.swift */,
				F8646C5729DD7B1C00D85449 /* NumberGameViewWithSpeech.swift */,
				6AB9249429ED34B10049E359 /* ColorGameTouchModeView.swift */,
				F8C628B829EAE73C000FEFEF /* SettingsView.swift */,
				F8967F8A29F2BB5900F1EA49 /* ColorGameModeWithSpeech.swift */,
				6AF7151E29EAA4E9006ED404 /* ShapeGameView.swift */,
				F8967F8E29F46FFB00F1EA49 /* ShapeGameModeWithSpeech.swift */,
				F8967F9629F6989600F1EA49 /* LottieView.swift */,
			);
			path = Views;
			sourceTree = "<group>";
		};
		F86E5E8B29F95E75007D8B60 /* ViewModels */ = {
			isa = PBXGroup;
			children = (
				6AB9249B29EFEF2F0049E359 /* ColorViewModel.swift */,
			);
			path = ViewModels;
			sourceTree = "<group>";
		};
		F8967F8929EECB7500F1EA49 /* Core Data */ = {
			isa = PBXGroup;
			children = (
				F8967F8429EEC5FB00F1EA49 /* PlayNLearn.xcdatamodeld */,
				F8967F8729EEC66C00F1EA49 /* Persistence.swift */,
			);
			path = "Core Data";
			sourceTree = "<group>";
		};
		F8967F9329F697E800F1EA49 /* Lottie Animations */ = {
			isa = PBXGroup;
			children = (
				F86E5E7629F6E960007D8B60 /* cargame.json */,
				F86E5E8229F85D35007D8B60 /* playButton.json */,
				F86E5E7E29F857AF007D8B60 /* submit.json */,
				F86E5E8829F86435007D8B60 /* skip.json */,
				F8967F9C29F6D91C00F1EA49 /* numbers.json */,
				F86E5E7429F6E89A007D8B60 /* colors.json */,
				F8967F9829F6D5E300F1EA49 /* Shapes.json */,
				F8967F9429F6986600F1EA49 /* mic yellow.json */,
			);
			path = "Lottie Animations";
			sourceTree = "<group>";
		};
/* End PBXGroup section */

/* Begin PBXNativeTarget section */
		7EFE232B29DA30400066B490 /* PlayNLearn */ = {
			isa = PBXNativeTarget;
			buildConfigurationList = 7EFE235029DA30410066B490 /* Build configuration list for PBXNativeTarget "PlayNLearn" */;
			buildPhases = (
				7EFE232829DA30400066B490 /* Sources */,
				7EFE232929DA30400066B490 /* Frameworks */,
				7EFE232A29DA30400066B490 /* Resources */,
			);
			buildRules = (
			);
			dependencies = (
			);
			name = PlayNLearn;
			packageProductDependencies = (
				6A7BFA9129E041D7003E5A4C /* ConfettiSwiftUI */,
				6A7BFA9429E0516E003E5A4C /* SPConfetti */,
				F8967F9129F697C900F1EA49 /* Lottie */,
			);
			productName = PlayNLearn;
			productReference = 7EFE232C29DA30400066B490 /* PlayNLearn.app */;
			productType = "com.apple.product-type.application";
		};
		7EFE233B29DA30410066B490 /* PlayNLearnTests */ = {
			isa = PBXNativeTarget;
			buildConfigurationList = 7EFE235329DA30410066B490 /* Build configuration list for PBXNativeTarget "PlayNLearnTests" */;
			buildPhases = (
				7EFE233829DA30410066B490 /* Sources */,
				7EFE233929DA30410066B490 /* Frameworks */,
				7EFE233A29DA30410066B490 /* Resources */,
			);
			buildRules = (
			);
			dependencies = (
				7EFE233E29DA30410066B490 /* PBXTargetDependency */,
			);
			name = PlayNLearnTests;
			productName = PlayNLearnTests;
			productReference = 7EFE233C29DA30410066B490 /* PlayNLearnTests.xctest */;
			productType = "com.apple.product-type.bundle.unit-test";
		};
		7EFE234529DA30410066B490 /* PlayNLearnUITests */ = {
			isa = PBXNativeTarget;
			buildConfigurationList = 7EFE235629DA30410066B490 /* Build configuration list for PBXNativeTarget "PlayNLearnUITests" */;
			buildPhases = (
				7EFE234229DA30410066B490 /* Sources */,
				7EFE234329DA30410066B490 /* Frameworks */,
				7EFE234429DA30410066B490 /* Resources */,
			);
			buildRules = (
			);
			dependencies = (
				7EFE234829DA30410066B490 /* PBXTargetDependency */,
			);
			name = PlayNLearnUITests;
			productName = PlayNLearnUITests;
			productReference = 7EFE234629DA30410066B490 /* PlayNLearnUITests.xctest */;
			productType = "com.apple.product-type.bundle.ui-testing";
		};
/* End PBXNativeTarget section */

/* Begin PBXProject section */
		7EFE232429DA30400066B490 /* Project object */ = {
			isa = PBXProject;
			attributes = {
				BuildIndependentTargetsInParallel = 1;
				LastSwiftUpdateCheck = 1430;
				LastUpgradeCheck = 1430;
				TargetAttributes = {
					7EFE232B29DA30400066B490 = {
						CreatedOnToolsVersion = 14.3;
					};
					7EFE233B29DA30410066B490 = {
						CreatedOnToolsVersion = 14.3;
						TestTargetID = 7EFE232B29DA30400066B490;
					};
					7EFE234529DA30410066B490 = {
						CreatedOnToolsVersion = 14.3;
						TestTargetID = 7EFE232B29DA30400066B490;
					};
				};
			};
			buildConfigurationList = 7EFE232729DA30400066B490 /* Build configuration list for PBXProject "PlayNLearn" */;
			compatibilityVersion = "Xcode 14.0";
			developmentRegion = en;
			hasScannedForEncodings = 0;
			knownRegions = (
				en,
				Base,
				fi,
			);
			mainGroup = 7EFE232329DA30400066B490;
			packageReferences = (
				6A7BFA9029E041D7003E5A4C /* XCRemoteSwiftPackageReference "ConfettiSwiftUI" */,
				6A7BFA9329E0516E003E5A4C /* XCRemoteSwiftPackageReference "SPConfetti" */,
				F8967F9029F697C900F1EA49 /* XCRemoteSwiftPackageReference "lottie-ios" */,
			);
			productRefGroup = 7EFE232D29DA30400066B490 /* Products */;
			projectDirPath = "";
			projectRoot = "";
			targets = (
				7EFE232B29DA30400066B490 /* PlayNLearn */,
				7EFE233B29DA30410066B490 /* PlayNLearnTests */,
				7EFE234529DA30410066B490 /* PlayNLearnUITests */,
			);
		};
/* End PBXProject section */

/* Begin PBXResourcesBuildPhase section */
		7EFE232A29DA30400066B490 /* Resources */ = {
			isa = PBXResourcesBuildPhase;
			buildActionMask = 2147483647;
			files = (
				6A27E9AF29E0B8C5002FEC17 /* congratulation.gif in Resources */,
				F86E5E7F29F857AF007D8B60 /* submit.json in Resources */,
				7EFE233729DA30410066B490 /* Preview Assets.xcassets in Resources */,
				F8967F9D29F6D91D00F1EA49 /* numbers.json in Resources */,
				6A27E9B329E0BEBF002FEC17 /* sadface.gif in Resources */,
				6A8C6E3A29E97BC500962E65 /* lose.wav in Resources */,
				F86E5E8929F86435007D8B60 /* skip.json in Resources */,
				F8967F9529F6986600F1EA49 /* mic yellow.json in Resources */,
				F8967F9929F6D5E300F1EA49 /* Shapes.json in Resources */,
				6A8C6E3C29E97BE800962E65 /* win.wav in Resources */,
				F86E5E8329F85D35007D8B60 /* playButton.json in Resources */,
				F86E5E7729F6E960007D8B60 /* cargame.json in Resources */,
				F86E5E7A29F713EA007D8B60 /* Localizable.strings in Resources */,
				F8EED87929DABCE400D3E3C3 /* .gitignore in Resources */,
				7EFE233429DA30410066B490 /* Assets.xcassets in Resources */,
				F86E5E7529F6E89A007D8B60 /* colors.json in Resources */,
			);
			runOnlyForDeploymentPostprocessing = 0;
		};
		7EFE233A29DA30410066B490 /* Resources */ = {
			isa = PBXResourcesBuildPhase;
			buildActionMask = 2147483647;
			files = (
			);
			runOnlyForDeploymentPostprocessing = 0;
		};
		7EFE234429DA30410066B490 /* Resources */ = {
			isa = PBXResourcesBuildPhase;
			buildActionMask = 2147483647;
			files = (
			);
			runOnlyForDeploymentPostprocessing = 0;
		};
/* End PBXResourcesBuildPhase section */

/* Begin PBXSourcesBuildPhase section */
		7EFE232829DA30400066B490 /* Sources */ = {
			isa = PBXSourcesBuildPhase;
			buildActionMask = 2147483647;
			files = (
				F8646C5429DD79F700D85449 /* NumberGameWithSpeech.swift in Sources */,
				6A97E92229DB0D5F00150080 /* NumbersList.swift in Sources */,
				6AF6787B29DAAC9F001DBC83 /* NumberGameView.swift in Sources */,
				F8967F8829EEC66C00F1EA49 /* Persistence.swift in Sources */,
				6A7BFA9929E0B4FC003E5A4C /* GifImage.swift in Sources */,
				6AB9249329ED34610049E359 /* ColorGameTouchMode.swift in Sources */,
				7EFE233229DA30400066B490 /* ContentView.swift in Sources */,
				F8C628B929EAE73C000FEFEF /* SettingsView.swift in Sources */,
				F8646C5629DD7AF900D85449 /* SpeechRecognizer.swift in Sources */,
				6AB9249729ED3C430049E359 /* DragObjectForColorGame.swift in Sources */,
				6AB9249C29EFEF2F0049E359 /* ColorViewModel.swift in Sources */,
				7EFE233029DA30400066B490 /* PlayNLearnApp.swift in Sources */,
				F8967F8629EEC5FB00F1EA49 /* PlayNLearn.xcdatamodeld in Sources */,
				6AF7151F29EAA4E9006ED404 /* ShapeGameView.swift in Sources */,
				6AF7152529ED7A9F006ED404 /* ShapeList.swift in Sources */,
				F8646C5829DD7B1C00D85449 /* NumberGameViewWithSpeech.swift in Sources */,
				F8967F8F29F46FFB00F1EA49 /* ShapeGameModeWithSpeech.swift in Sources */,
				6AB9249929EFEDA90049E359 /* OptionContainer.swift in Sources */,
				6AB9249529ED34B10049E359 /* ColorGameTouchModeView.swift in Sources */,
				F8967F8B29F2BB5900F1EA49 /* ColorGameModeWithSpeech.swift in Sources */,
				F8967F9729F6989600F1EA49 /* LottieView.swift in Sources */,
				6A7BFA8B29DF62B9003E5A4C /* PopUpWindow.swift in Sources */,
				6A8C6E3729E974B200962E65 /* SoundManager.swift in Sources */,
			);
			runOnlyForDeploymentPostprocessing = 0;
		};
		7EFE233829DA30410066B490 /* Sources */ = {
			isa = PBXSourcesBuildPhase;
			buildActionMask = 2147483647;
			files = (
				7EFE234129DA30410066B490 /* PlayNLearnTests.swift in Sources */,
			);
			runOnlyForDeploymentPostprocessing = 0;
		};
		7EFE234229DA30410066B490 /* Sources */ = {
			isa = PBXSourcesBuildPhase;
			buildActionMask = 2147483647;
			files = (
				7EFE234D29DA30410066B490 /* PlayNLearnUITestsLaunchTests.swift in Sources */,
				7EFE234B29DA30410066B490 /* PlayNLearnUITests.swift in Sources */,
			);
			runOnlyForDeploymentPostprocessing = 0;
		};
/* End PBXSourcesBuildPhase section */

/* Begin PBXTargetDependency section */
		7EFE233E29DA30410066B490 /* PBXTargetDependency */ = {
			isa = PBXTargetDependency;
			target = 7EFE232B29DA30400066B490 /* PlayNLearn */;
			targetProxy = 7EFE233D29DA30410066B490 /* PBXContainerItemProxy */;
		};
		7EFE234829DA30410066B490 /* PBXTargetDependency */ = {
			isa = PBXTargetDependency;
			target = 7EFE232B29DA30400066B490 /* PlayNLearn */;
			targetProxy = 7EFE234729DA30410066B490 /* PBXContainerItemProxy */;
		};
/* End PBXTargetDependency section */

/* Begin PBXVariantGroup section */
		F86E5E7C29F713EA007D8B60 /* Localizable.strings */ = {
			isa = PBXVariantGroup;
			children = (
				F86E5E7B29F713EA007D8B60 /* en */,
				F86E5E7D29F7144E007D8B60 /* fi */,
			);
			name = Localizable.strings;
			sourceTree = "<group>";
		};
/* End PBXVariantGroup section */

/* Begin XCBuildConfiguration section */
		7EFE234E29DA30410066B490 /* Debug */ = {
			isa = XCBuildConfiguration;
			buildSettings = {
				ALWAYS_SEARCH_USER_PATHS = NO;
				CLANG_ANALYZER_NONNULL = YES;
				CLANG_ANALYZER_NUMBER_OBJECT_CONVERSION = YES_AGGRESSIVE;
				CLANG_CXX_LANGUAGE_STANDARD = "gnu++20";
				CLANG_ENABLE_MODULES = YES;
				CLANG_ENABLE_OBJC_ARC = YES;
				CLANG_ENABLE_OBJC_WEAK = YES;
				CLANG_WARN_BLOCK_CAPTURE_AUTORELEASING = YES;
				CLANG_WARN_BOOL_CONVERSION = YES;
				CLANG_WARN_COMMA = YES;
				CLANG_WARN_CONSTANT_CONVERSION = YES;
				CLANG_WARN_DEPRECATED_OBJC_IMPLEMENTATIONS = YES;
				CLANG_WARN_DIRECT_OBJC_ISA_USAGE = YES_ERROR;
				CLANG_WARN_DOCUMENTATION_COMMENTS = YES;
				CLANG_WARN_EMPTY_BODY = YES;
				CLANG_WARN_ENUM_CONVERSION = YES;
				CLANG_WARN_INFINITE_RECURSION = YES;
				CLANG_WARN_INT_CONVERSION = YES;
				CLANG_WARN_NON_LITERAL_NULL_CONVERSION = YES;
				CLANG_WARN_OBJC_IMPLICIT_RETAIN_SELF = YES;
				CLANG_WARN_OBJC_LITERAL_CONVERSION = YES;
				CLANG_WARN_OBJC_ROOT_CLASS = YES_ERROR;
				CLANG_WARN_QUOTED_INCLUDE_IN_FRAMEWORK_HEADER = YES;
				CLANG_WARN_RANGE_LOOP_ANALYSIS = YES;
				CLANG_WARN_STRICT_PROTOTYPES = YES;
				CLANG_WARN_SUSPICIOUS_MOVE = YES;
				CLANG_WARN_UNGUARDED_AVAILABILITY = YES_AGGRESSIVE;
				CLANG_WARN_UNREACHABLE_CODE = YES;
				CLANG_WARN__DUPLICATE_METHOD_MATCH = YES;
				COPY_PHASE_STRIP = NO;
				DEBUG_INFORMATION_FORMAT = dwarf;
				ENABLE_STRICT_OBJC_MSGSEND = YES;
				ENABLE_TESTABILITY = YES;
				GCC_C_LANGUAGE_STANDARD = gnu11;
				GCC_DYNAMIC_NO_PIC = NO;
				GCC_NO_COMMON_BLOCKS = YES;
				GCC_OPTIMIZATION_LEVEL = 0;
				GCC_PREPROCESSOR_DEFINITIONS = (
					"DEBUG=1",
					"$(inherited)",
				);
				GCC_WARN_64_TO_32_BIT_CONVERSION = YES;
				GCC_WARN_ABOUT_RETURN_TYPE = YES_ERROR;
				GCC_WARN_UNDECLARED_SELECTOR = YES;
				GCC_WARN_UNINITIALIZED_AUTOS = YES_AGGRESSIVE;
				GCC_WARN_UNUSED_FUNCTION = YES;
				GCC_WARN_UNUSED_VARIABLE = YES;
				IPHONEOS_DEPLOYMENT_TARGET = 16.4;
				MTL_ENABLE_DEBUG_INFO = INCLUDE_SOURCE;
				MTL_FAST_MATH = YES;
				ONLY_ACTIVE_ARCH = YES;
				SDKROOT = iphoneos;
				SWIFT_ACTIVE_COMPILATION_CONDITIONS = DEBUG;
				SWIFT_OPTIMIZATION_LEVEL = "-Onone";
			};
			name = Debug;
		};
		7EFE234F29DA30410066B490 /* Release */ = {
			isa = XCBuildConfiguration;
			buildSettings = {
				ALWAYS_SEARCH_USER_PATHS = NO;
				CLANG_ANALYZER_NONNULL = YES;
				CLANG_ANALYZER_NUMBER_OBJECT_CONVERSION = YES_AGGRESSIVE;
				CLANG_CXX_LANGUAGE_STANDARD = "gnu++20";
				CLANG_ENABLE_MODULES = YES;
				CLANG_ENABLE_OBJC_ARC = YES;
				CLANG_ENABLE_OBJC_WEAK = YES;
				CLANG_WARN_BLOCK_CAPTURE_AUTORELEASING = YES;
				CLANG_WARN_BOOL_CONVERSION = YES;
				CLANG_WARN_COMMA = YES;
				CLANG_WARN_CONSTANT_CONVERSION = YES;
				CLANG_WARN_DEPRECATED_OBJC_IMPLEMENTATIONS = YES;
				CLANG_WARN_DIRECT_OBJC_ISA_USAGE = YES_ERROR;
				CLANG_WARN_DOCUMENTATION_COMMENTS = YES;
				CLANG_WARN_EMPTY_BODY = YES;
				CLANG_WARN_ENUM_CONVERSION = YES;
				CLANG_WARN_INFINITE_RECURSION = YES;
				CLANG_WARN_INT_CONVERSION = YES;
				CLANG_WARN_NON_LITERAL_NULL_CONVERSION = YES;
				CLANG_WARN_OBJC_IMPLICIT_RETAIN_SELF = YES;
				CLANG_WARN_OBJC_LITERAL_CONVERSION = YES;
				CLANG_WARN_OBJC_ROOT_CLASS = YES_ERROR;
				CLANG_WARN_QUOTED_INCLUDE_IN_FRAMEWORK_HEADER = YES;
				CLANG_WARN_RANGE_LOOP_ANALYSIS = YES;
				CLANG_WARN_STRICT_PROTOTYPES = YES;
				CLANG_WARN_SUSPICIOUS_MOVE = YES;
				CLANG_WARN_UNGUARDED_AVAILABILITY = YES_AGGRESSIVE;
				CLANG_WARN_UNREACHABLE_CODE = YES;
				CLANG_WARN__DUPLICATE_METHOD_MATCH = YES;
				COPY_PHASE_STRIP = NO;
				DEBUG_INFORMATION_FORMAT = "dwarf-with-dsym";
				ENABLE_NS_ASSERTIONS = NO;
				ENABLE_STRICT_OBJC_MSGSEND = YES;
				GCC_C_LANGUAGE_STANDARD = gnu11;
				GCC_NO_COMMON_BLOCKS = YES;
				GCC_WARN_64_TO_32_BIT_CONVERSION = YES;
				GCC_WARN_ABOUT_RETURN_TYPE = YES_ERROR;
				GCC_WARN_UNDECLARED_SELECTOR = YES;
				GCC_WARN_UNINITIALIZED_AUTOS = YES_AGGRESSIVE;
				GCC_WARN_UNUSED_FUNCTION = YES;
				GCC_WARN_UNUSED_VARIABLE = YES;
				IPHONEOS_DEPLOYMENT_TARGET = 16.4;
				MTL_ENABLE_DEBUG_INFO = NO;
				MTL_FAST_MATH = YES;
				SDKROOT = iphoneos;
				SWIFT_COMPILATION_MODE = wholemodule;
				SWIFT_OPTIMIZATION_LEVEL = "-O";
				VALIDATE_PRODUCT = YES;
			};
			name = Release;
		};
		7EFE235129DA30410066B490 /* Debug */ = {
			isa = XCBuildConfiguration;
			buildSettings = {
				ASSETCATALOG_COMPILER_APPICON_NAME = AppIcon;
				ASSETCATALOG_COMPILER_GLOBAL_ACCENT_COLOR_NAME = AccentColor;
				CODE_SIGN_STYLE = Manual;
				CURRENT_PROJECT_VERSION = 1;
				DEAD_CODE_STRIPPING = YES;
				DEVELOPMENT_ASSET_PATHS = "\"PlayNLearn/Preview Content\"";
				DEVELOPMENT_TEAM = "";
				ENABLE_PREVIEWS = YES;
				GENERATE_INFOPLIST_FILE = YES;
				INFOPLIST_KEY_NSMicrophoneUsageDescription = "\"Audio is recorded to transcribe the user speech\"";
				INFOPLIST_KEY_NSSpeechRecognitionUsageDescription = "“You can view a text transcription of your meeting in the app.”\n\n“You can view a text transcription of your meeting in the app.”\n\n“You can view a text transcription of your meeting in the app.”\n\n“You can view a text transcription of your meeting in the app.”\n\n\"You can view a text transcription of what you said\"";
				INFOPLIST_KEY_UIApplicationSceneManifest_Generation = YES;
				INFOPLIST_KEY_UIApplicationSupportsIndirectInputEvents = YES;
				INFOPLIST_KEY_UILaunchScreen_Generation = YES;
				INFOPLIST_KEY_UISupportedInterfaceOrientations_iPad = "UIInterfaceOrientationPortrait UIInterfaceOrientationPortraitUpsideDown UIInterfaceOrientationLandscapeLeft UIInterfaceOrientationLandscapeRight";
				INFOPLIST_KEY_UISupportedInterfaceOrientations_iPhone = "UIInterfaceOrientationPortrait UIInterfaceOrientationLandscapeLeft UIInterfaceOrientationLandscapeRight";
				IPHONEOS_DEPLOYMENT_TARGET = 16.0;
				LD_RUNPATH_SEARCH_PATHS = (
					"$(inherited)",
					"@executable_path/Frameworks",
				);
				MARKETING_VERSION = 1.0;
				PRODUCT_BUNDLE_IDENTIFIER = fi.metropolia.PlayNLearn;
				PRODUCT_NAME = "$(TARGET_NAME)";
				PROVISIONING_PROFILE_SPECIFIER = "";
				SUPPORTED_PLATFORMS = "iphoneos iphonesimulator";
				SUPPORTS_MACCATALYST = NO;
				SUPPORTS_MAC_DESIGNED_FOR_IPHONE_IPAD = NO;
				SWIFT_EMIT_LOC_STRINGS = YES;
				SWIFT_VERSION = 5.0;
				TARGETED_DEVICE_FAMILY = "1,2";
			};
			name = Debug;
		};
		7EFE235229DA30410066B490 /* Release */ = {
			isa = XCBuildConfiguration;
			buildSettings = {
				ASSETCATALOG_COMPILER_APPICON_NAME = AppIcon;
				ASSETCATALOG_COMPILER_GLOBAL_ACCENT_COLOR_NAME = AccentColor;
				CODE_SIGN_STYLE = Manual;
				CURRENT_PROJECT_VERSION = 1;
				DEAD_CODE_STRIPPING = YES;
				DEVELOPMENT_ASSET_PATHS = "\"PlayNLearn/Preview Content\"";
				DEVELOPMENT_TEAM = "";
				ENABLE_PREVIEWS = YES;
				GENERATE_INFOPLIST_FILE = YES;
				INFOPLIST_KEY_NSMicrophoneUsageDescription = "\"Audio is recorded to transcribe the user speech\"";
				INFOPLIST_KEY_NSSpeechRecognitionUsageDescription = "“You can view a text transcription of your meeting in the app.”\n\n“You can view a text transcription of your meeting in the app.”\n\n“You can view a text transcription of your meeting in the app.”\n\n“You can view a text transcription of your meeting in the app.”\n\n\"You can view a text transcription of what you said\"";
				INFOPLIST_KEY_UIApplicationSceneManifest_Generation = YES;
				INFOPLIST_KEY_UIApplicationSupportsIndirectInputEvents = YES;
				INFOPLIST_KEY_UILaunchScreen_Generation = YES;
				INFOPLIST_KEY_UISupportedInterfaceOrientations_iPad = "UIInterfaceOrientationPortrait UIInterfaceOrientationPortraitUpsideDown UIInterfaceOrientationLandscapeLeft UIInterfaceOrientationLandscapeRight";
				INFOPLIST_KEY_UISupportedInterfaceOrientations_iPhone = "UIInterfaceOrientationPortrait UIInterfaceOrientationLandscapeLeft UIInterfaceOrientationLandscapeRight";
				IPHONEOS_DEPLOYMENT_TARGET = 16.0;
				LD_RUNPATH_SEARCH_PATHS = (
					"$(inherited)",
					"@executable_path/Frameworks",
				);
				MARKETING_VERSION = 1.0;
				PRODUCT_BUNDLE_IDENTIFIER = fi.metropolia.PlayNLearn;
				PRODUCT_NAME = "$(TARGET_NAME)";
				PROVISIONING_PROFILE_SPECIFIER = "";
				SUPPORTED_PLATFORMS = "iphoneos iphonesimulator";
				SUPPORTS_MACCATALYST = NO;
				SUPPORTS_MAC_DESIGNED_FOR_IPHONE_IPAD = NO;
				SWIFT_EMIT_LOC_STRINGS = YES;
				SWIFT_VERSION = 5.0;
				TARGETED_DEVICE_FAMILY = "1,2";
			};
			name = Release;
		};
		7EFE235429DA30410066B490 /* Debug */ = {
			isa = XCBuildConfiguration;
			buildSettings = {
				ALWAYS_EMBED_SWIFT_STANDARD_LIBRARIES = YES;
				BUNDLE_LOADER = "$(TEST_HOST)";
				CODE_SIGN_STYLE = Automatic;
				CURRENT_PROJECT_VERSION = 1;
				DEAD_CODE_STRIPPING = YES;
				GENERATE_INFOPLIST_FILE = YES;
				IPHONEOS_DEPLOYMENT_TARGET = 16.4;
				MARKETING_VERSION = 1.0;
				PRODUCT_BUNDLE_IDENTIFIER = fi.metropolia.PlayNLearnTests;
				PRODUCT_NAME = "$(TARGET_NAME)";
				SWIFT_EMIT_LOC_STRINGS = NO;
				SWIFT_VERSION = 5.0;
				TARGETED_DEVICE_FAMILY = "1,2";
				TEST_HOST = "$(BUILT_PRODUCTS_DIR)/PlayNLearn.app/$(BUNDLE_EXECUTABLE_FOLDER_PATH)/PlayNLearn";
			};
			name = Debug;
		};
		7EFE235529DA30410066B490 /* Release */ = {
			isa = XCBuildConfiguration;
			buildSettings = {
				ALWAYS_EMBED_SWIFT_STANDARD_LIBRARIES = YES;
				BUNDLE_LOADER = "$(TEST_HOST)";
				CODE_SIGN_STYLE = Automatic;
				CURRENT_PROJECT_VERSION = 1;
				DEAD_CODE_STRIPPING = YES;
				GENERATE_INFOPLIST_FILE = YES;
				IPHONEOS_DEPLOYMENT_TARGET = 16.4;
				MARKETING_VERSION = 1.0;
				PRODUCT_BUNDLE_IDENTIFIER = fi.metropolia.PlayNLearnTests;
				PRODUCT_NAME = "$(TARGET_NAME)";
				SWIFT_EMIT_LOC_STRINGS = NO;
				SWIFT_VERSION = 5.0;
				TARGETED_DEVICE_FAMILY = "1,2";
				TEST_HOST = "$(BUILT_PRODUCTS_DIR)/PlayNLearn.app/$(BUNDLE_EXECUTABLE_FOLDER_PATH)/PlayNLearn";
			};
			name = Release;
		};
		7EFE235729DA30410066B490 /* Debug */ = {
			isa = XCBuildConfiguration;
			buildSettings = {
				ALWAYS_EMBED_SWIFT_STANDARD_LIBRARIES = YES;
				CODE_SIGN_STYLE = Automatic;
				CURRENT_PROJECT_VERSION = 1;
				DEAD_CODE_STRIPPING = YES;
				GENERATE_INFOPLIST_FILE = YES;
				MARKETING_VERSION = 1.0;
				PRODUCT_BUNDLE_IDENTIFIER = fi.metropolia.PlayNLearnUITests;
				PRODUCT_NAME = "$(TARGET_NAME)";
				SWIFT_EMIT_LOC_STRINGS = NO;
				SWIFT_VERSION = 5.0;
				TARGETED_DEVICE_FAMILY = "1,2";
				TEST_TARGET_NAME = PlayNLearn;
			};
			name = Debug;
		};
		7EFE235829DA30410066B490 /* Release */ = {
			isa = XCBuildConfiguration;
			buildSettings = {
				ALWAYS_EMBED_SWIFT_STANDARD_LIBRARIES = YES;
				CODE_SIGN_STYLE = Automatic;
				CURRENT_PROJECT_VERSION = 1;
				DEAD_CODE_STRIPPING = YES;
				GENERATE_INFOPLIST_FILE = YES;
				MARKETING_VERSION = 1.0;
				PRODUCT_BUNDLE_IDENTIFIER = fi.metropolia.PlayNLearnUITests;
				PRODUCT_NAME = "$(TARGET_NAME)";
				SWIFT_EMIT_LOC_STRINGS = NO;
				SWIFT_VERSION = 5.0;
				TARGETED_DEVICE_FAMILY = "1,2";
				TEST_TARGET_NAME = PlayNLearn;
			};
			name = Release;
		};
/* End XCBuildConfiguration section */

/* Begin XCConfigurationList section */
		7EFE232729DA30400066B490 /* Build configuration list for PBXProject "PlayNLearn" */ = {
			isa = XCConfigurationList;
			buildConfigurations = (
				7EFE234E29DA30410066B490 /* Debug */,
				7EFE234F29DA30410066B490 /* Release */,
			);
			defaultConfigurationIsVisible = 0;
			defaultConfigurationName = Release;
		};
		7EFE235029DA30410066B490 /* Build configuration list for PBXNativeTarget "PlayNLearn" */ = {
			isa = XCConfigurationList;
			buildConfigurations = (
				7EFE235129DA30410066B490 /* Debug */,
				7EFE235229DA30410066B490 /* Release */,
			);
			defaultConfigurationIsVisible = 0;
			defaultConfigurationName = Release;
		};
		7EFE235329DA30410066B490 /* Build configuration list for PBXNativeTarget "PlayNLearnTests" */ = {
			isa = XCConfigurationList;
			buildConfigurations = (
				7EFE235429DA30410066B490 /* Debug */,
				7EFE235529DA30410066B490 /* Release */,
			);
			defaultConfigurationIsVisible = 0;
			defaultConfigurationName = Release;
		};
		7EFE235629DA30410066B490 /* Build configuration list for PBXNativeTarget "PlayNLearnUITests" */ = {
			isa = XCConfigurationList;
			buildConfigurations = (
				7EFE235729DA30410066B490 /* Debug */,
				7EFE235829DA30410066B490 /* Release */,
			);
			defaultConfigurationIsVisible = 0;
			defaultConfigurationName = Release;
		};
/* End XCConfigurationList section */

/* Begin XCRemoteSwiftPackageReference section */
		6A7BFA9029E041D7003E5A4C /* XCRemoteSwiftPackageReference "ConfettiSwiftUI" */ = {
			isa = XCRemoteSwiftPackageReference;
			repositoryURL = "https://github.com/simibac/ConfettiSwiftUI.git";
			requirement = {
				kind = upToNextMajorVersion;
				minimumVersion = 1.0.0;
			};
		};
		6A7BFA9329E0516E003E5A4C /* XCRemoteSwiftPackageReference "SPConfetti" */ = {
			isa = XCRemoteSwiftPackageReference;
			repositoryURL = "https://github.com/ivanvorobei/SPConfetti";
			requirement = {
				kind = upToNextMajorVersion;
				minimumVersion = 1.0.0;
			};
		};
		F8967F9029F697C900F1EA49 /* XCRemoteSwiftPackageReference "lottie-ios" */ = {
			isa = XCRemoteSwiftPackageReference;
			repositoryURL = "https://github.com/airbnb/lottie-ios.git";
			requirement = {
				kind = upToNextMajorVersion;
				minimumVersion = 4.0.0;
			};
		};
/* End XCRemoteSwiftPackageReference section */

/* Begin XCSwiftPackageProductDependency section */
		6A7BFA9129E041D7003E5A4C /* ConfettiSwiftUI */ = {
			isa = XCSwiftPackageProductDependency;
			package = 6A7BFA9029E041D7003E5A4C /* XCRemoteSwiftPackageReference "ConfettiSwiftUI" */;
			productName = ConfettiSwiftUI;
		};
		6A7BFA9429E0516E003E5A4C /* SPConfetti */ = {
			isa = XCSwiftPackageProductDependency;
			package = 6A7BFA9329E0516E003E5A4C /* XCRemoteSwiftPackageReference "SPConfetti" */;
			productName = SPConfetti;
		};
		F8967F9129F697C900F1EA49 /* Lottie */ = {
			isa = XCSwiftPackageProductDependency;
			package = F8967F9029F697C900F1EA49 /* XCRemoteSwiftPackageReference "lottie-ios" */;
			productName = Lottie;
		};
/* End XCSwiftPackageProductDependency section */

/* Begin XCVersionGroup section */
		F8967F8429EEC5FB00F1EA49 /* PlayNLearn.xcdatamodeld */ = {
			isa = XCVersionGroup;
			children = (
				F8967F8529EEC5FB00F1EA49 /* PlayNLearn.xcdatamodel */,
			);
			currentVersion = F8967F8529EEC5FB00F1EA49 /* PlayNLearn.xcdatamodel */;
			path = PlayNLearn.xcdatamodeld;
			sourceTree = "<group>";
			versionGroupType = wrapper.xcdatamodel;
		};
/* End XCVersionGroup section */
	};
	rootObject = 7EFE232429DA30400066B490 /* Project object */;
}
